
Microsoft Visual Studio Solution File, Format Version 12.00
# Visual Studio Version 17
VisualStudioVersion = 17.7.34221.43
MinimumVisualStudioVersion = 10.0.40219.1
Project("{FAE04EC0-301F-11D3-BF4B-00C04F79EFBC}") = "Assignment", "Assignment\Assignment.csproj", "{64591359-5A92-40D7-9ADD-F9FB93CA83EF}"
EndProject
Global
	GlobalSection(SolutionConfigurationPlatforms) = preSolution
		Debug|Any CPU = Debug|Any CPU
		Release|Any CPU = Release|Any CPU
	EndGlobalSection
	GlobalSection(ProjectConfigurationPlatforms) = postSolution
		{64591359-5A92-40D7-9ADD-F9FB93CA83EF}.Debug|Any CPU.ActiveCfg = Debug|Any CPU
		{64591359-5A92-40D7-9ADD-F9FB93CA83EF}.Debug|Any CPU.Build.0 = Debug|Any CPU
		{64591359-5A92-40D7-9ADD-F9FB93CA83EF}.Release|Any CPU.ActiveCfg = Release|Any CPU
		{64591359-5A92-40D7-9ADD-F9FB93CA83EF}.Release|Any CPU.Build.0 = Release|Any CPU
	EndGlobalSection
	GlobalSection(SolutionProperties) = preSolution
		HideSolutionNode = FALSE
	EndGlobalSection
	GlobalSection(ExtensibilityGlobals) = postSolution
		SolutionGuid = {A6AAC694-D536-40AC-B74D-6C7AF6BB0A95}
	EndGlobalSection
EndGlobal
